
Microsoft Visual Studio Solution File, Format Version 12.00
# Visual Studio 15
VisualStudioVersion = 15.0.26124.0
MinimumVisualStudioVersion = 15.0.26124.0
Project("{2150E333-8FDC-42A3-9474-1A3956D46DE8}") = "src", "src", "{31FA4259-D2A1-4CDB-8480-F205A4A219D1}"
EndProject
Project("{9A19103F-16F7-4668-BE54-9A1E7A4F7556}") = "WhatDidYouEat.Core", "src\WhatDidYouEat.Core\WhatDidYouEat.Core.csproj", "{8BB6621C-F9C1-4434-BAFA-6E7C26B9FC93}"
EndProject
Project("{9A19103F-16F7-4668-BE54-9A1E7A4F7556}") = "WhatDidYouEat.Infrastructure", "src\WhatDidYouEat.Infrastructure\WhatDidYouEat.Infrastructure.csproj", "{EFC29B39-BFF2-426D-B53E-EB465E39B9D6}"
EndProject
Project("{9A19103F-16F7-4668-BE54-9A1E7A4F7556}") = "WhatDidYouEat.Api", "src\WhatDidYouEat.API\WhatDidYouEat.Api.csproj", "{59211DC5-47D9-46C3-BF5F-AA1B55362D3D}"
EndProject
Project("{E53339B2-1760-4266-BCC7-CA923CBCF16C}") = "docker-compose", "docker-compose.dcproj", "{FC4E33B3-66C2-43FD-813E-49975A8CB51A}"
EndProject
Global
	GlobalSection(SolutionConfigurationPlatforms) = preSolution
		Debug|Any CPU = Debug|Any CPU
		Debug|x64 = Debug|x64
		Debug|x86 = Debug|x86
		Release|Any CPU = Release|Any CPU
		Release|x64 = Release|x64
		Release|x86 = Release|x86
	EndGlobalSection
	GlobalSection(ProjectConfigurationPlatforms) = postSolution
		{8BB6621C-F9C1-4434-BAFA-6E7C26B9FC93}.Debug|Any CPU.ActiveCfg = Debug|Any CPU
		{8BB6621C-F9C1-4434-BAFA-6E7C26B9FC93}.Debug|Any CPU.Build.0 = Debug|Any CPU
		{8BB6621C-F9C1-4434-BAFA-6E7C26B9FC93}.Debug|x64.ActiveCfg = Debug|Any CPU
		{8BB6621C-F9C1-4434-BAFA-6E7C26B9FC93}.Debug|x64.Build.0 = Debug|Any CPU
		{8BB6621C-F9C1-4434-BAFA-6E7C26B9FC93}.Debug|x86.ActiveCfg = Debug|Any CPU
		{8BB6621C-F9C1-4434-BAFA-6E7C26B9FC93}.Debug|x86.Build.0 = Debug|Any CPU
		{8BB6621C-F9C1-4434-BAFA-6E7C26B9FC93}.Release|Any CPU.ActiveCfg = Release|Any CPU
		{8BB6621C-F9C1-4434-BAFA-6E7C26B9FC93}.Release|Any CPU.Build.0 = Release|Any CPU
		{8BB6621C-F9C1-4434-BAFA-6E7C26B9FC93}.Release|x64.ActiveCfg = Release|Any CPU
		{8BB6621C-F9C1-4434-BAFA-6E7C26B9FC93}.Release|x64.Build.0 = Release|Any CPU
		{8BB6621C-F9C1-4434-BAFA-6E7C26B9FC93}.Release|x86.ActiveCfg = Release|Any CPU
		{8BB6621C-F9C1-4434-BAFA-6E7C26B9FC93}.Release|x86.Build.0 = Release|Any CPU
		{EFC29B39-BFF2-426D-B53E-EB465E39B9D6}.Debug|Any CPU.ActiveCfg = Debug|Any CPU
		{EFC29B39-BFF2-426D-B53E-EB465E39B9D6}.Debug|Any CPU.Build.0 = Debug|Any CPU
		{EFC29B39-BFF2-426D-B53E-EB465E39B9D6}.Debug|x64.ActiveCfg = Debug|Any CPU
		{EFC29B39-BFF2-426D-B53E-EB465E39B9D6}.Debug|x64.Build.0 = Debug|Any CPU
		{EFC29B39-BFF2-426D-B53E-EB465E39B9D6}.Debug|x86.ActiveCfg = Debug|Any CPU
		{EFC29B39-BFF2-426D-B53E-EB465E39B9D6}.Debug|x86.Build.0 = Debug|Any CPU
		{EFC29B39-BFF2-426D-B53E-EB465E39B9D6}.Release|Any CPU.ActiveCfg = Release|Any CPU
		{EFC29B39-BFF2-426D-B53E-EB465E39B9D6}.Release|Any CPU.Build.0 = Release|Any CPU
		{EFC29B39-BFF2-426D-B53E-EB465E39B9D6}.Release|x64.ActiveCfg = Release|Any CPU
		{EFC29B39-BFF2-426D-B53E-EB465E39B9D6}.Release|x64.Build.0 = Release|Any CPU
		{EFC29B39-BFF2-426D-B53E-EB465E39B9D6}.Release|x86.ActiveCfg = Release|Any CPU
		{EFC29B39-BFF2-426D-B53E-EB465E39B9D6}.Release|x86.Build.0 = Release|Any CPU
		{59211DC5-47D9-46C3-BF5F-AA1B55362D3D}.Debug|Any CPU.ActiveCfg = Debug|Any CPU
		{59211DC5-47D9-46C3-BF5F-AA1B55362D3D}.Debug|Any CPU.Build.0 = Debug|Any CPU
		{59211DC5-47D9-46C3-BF5F-AA1B55362D3D}.Debug|x64.ActiveCfg = Debug|Any CPU
		{59211DC5-47D9-46C3-BF5F-AA1B55362D3D}.Debug|x64.Build.0 = Debug|Any CPU
		{59211DC5-47D9-46C3-BF5F-AA1B55362D3D}.Debug|x86.ActiveCfg = Debug|Any CPU
		{59211DC5-47D9-46C3-BF5F-AA1B55362D3D}.Debug|x86.Build.0 = Debug|Any CPU
		{59211DC5-47D9-46C3-BF5F-AA1B55362D3D}.Release|Any CPU.ActiveCfg = Release|Any CPU
		{59211DC5-47D9-46C3-BF5F-AA1B55362D3D}.Release|Any CPU.Build.0 = Release|Any CPU
		{59211DC5-47D9-46C3-BF5F-AA1B55362D3D}.Release|x64.ActiveCfg = Release|Any CPU
		{59211DC5-47D9-46C3-BF5F-AA1B55362D3D}.Release|x64.Build.0 = Release|Any CPU
		{59211DC5-47D9-46C3-BF5F-AA1B55362D3D}.Release|x86.ActiveCfg = Release|Any CPU
		{59211DC5-47D9-46C3-BF5F-AA1B55362D3D}.Release|x86.Build.0 = Release|Any CPU
		{FC4E33B3-66C2-43FD-813E-49975A8CB51A}.Debug|Any CPU.ActiveCfg = Debug|Any CPU
		{FC4E33B3-66C2-43FD-813E-49975A8CB51A}.Debug|Any CPU.Build.0 = Debug|Any CPU
		{FC4E33B3-66C2-43FD-813E-49975A8CB51A}.Debug|x64.ActiveCfg = Debug|Any CPU
		{FC4E33B3-66C2-43FD-813E-49975A8CB51A}.Debug|x64.Build.0 = Debug|Any CPU
		{FC4E33B3-66C2-43FD-813E-49975A8CB51A}.Debug|x86.ActiveCfg = Debug|Any CPU
		{FC4E33B3-66C2-43FD-813E-49975A8CB51A}.Debug|x86.Build.0 = Debug|Any CPU
		{FC4E33B3-66C2-43FD-813E-49975A8CB51A}.Release|Any CPU.ActiveCfg = Release|Any CPU
		{FC4E33B3-66C2-43FD-813E-49975A8CB51A}.Release|Any CPU.Build.0 = Release|Any CPU
		{FC4E33B3-66C2-43FD-813E-49975A8CB51A}.Release|x64.ActiveCfg = Release|Any CPU
		{FC4E33B3-66C2-43FD-813E-49975A8CB51A}.Release|x64.Build.0 = Release|Any CPU
		{FC4E33B3-66C2-43FD-813E-49975A8CB51A}.Release|x86.ActiveCfg = Release|Any CPU
		{FC4E33B3-66C2-43FD-813E-49975A8CB51A}.Release|x86.Build.0 = Release|Any CPU
	EndGlobalSection
	GlobalSection(SolutionProperties) = preSolution
		HideSolutionNode = FALSE
	EndGlobalSection
	GlobalSection(NestedProjects) = preSolution
		{8BB6621C-F9C1-4434-BAFA-6E7C26B9FC93} = {31FA4259-D2A1-4CDB-8480-F205A4A219D1}
		{EFC29B39-BFF2-426D-B53E-EB465E39B9D6} = {31FA4259-D2A1-4CDB-8480-F205A4A219D1}
		{59211DC5-47D9-46C3-BF5F-AA1B55362D3D} = {31FA4259-D2A1-4CDB-8480-F205A4A219D1}
	EndGlobalSection
	GlobalSection(ExtensibilityGlobals) = postSolution
		SolutionGuid = {B65BBD4C-2411-4C13-A27E-54ABF051AE76}
	EndGlobalSection
EndGlobal
